// !$*UTF8*$!
{
	archiveVersion = 1;
	classes = {
	};
	objectVersion = 55;
	objects = {

/* Begin PBXBuildFile section */
		0B65D9029F4F523B97A919D3 /* Pods_MyGamesLibrary.framework in Frameworks */ = {isa = PBXBuildFile; fileRef = 60DBD57C09A604768ADF13C7 /* Pods_MyGamesLibrary.framework */; };
		7C9EE44BE7654E72C367FDCC /* Pods_MyGamesLibraryTests.framework in Frameworks */ = {isa = PBXBuildFile; fileRef = C6FB3B454485BAB83D7BF11D /* Pods_MyGamesLibraryTests.framework */; };
		B921F10E27E5D4780039D1BA /* PlatformsViewController.swift in Sources */ = {isa = PBXBuildFile; fileRef = B921F10D27E5D4780039D1BA /* PlatformsViewController.swift */; };
		B93AF74627BA90F3001D42AD /* Game.swift in Sources */ = {isa = PBXBuildFile; fileRef = B93AF74527BA90F3001D42AD /* Game.swift */; };
		B93AF74827BA9112001D42AD /* GamePlatform.swift in Sources */ = {isa = PBXBuildFile; fileRef = B93AF74727BA9112001D42AD /* GamePlatform.swift */; };
		B93AF74B27BAA29E001D42AD /* SecretApiKey.swift in Sources */ = {isa = PBXBuildFile; fileRef = B93AF74A27BAA29E001D42AD /* SecretApiKey.swift */; };
		B93AF74D27BAA52B001D42AD /* GameService.swift in Sources */ = {isa = PBXBuildFile; fileRef = B93AF74C27BAA52B001D42AD /* GameService.swift */; };
		B93AF74F27BAB33C001D42AD /* UIImageView+Extension.swift in Sources */ = {isa = PBXBuildFile; fileRef = B93AF74E27BAB33C001D42AD /* UIImageView+Extension.swift */; };
		B93DB8FF27DFE34D0000F651 /* Main.storyboard in Resources */ = {isa = PBXBuildFile; fileRef = B93DB8FE27DFE34D0000F651 /* Main.storyboard */; };
		B93DC3AF27BD405D005E0F7F /* UITextField+Extension.swift in Sources */ = {isa = PBXBuildFile; fileRef = B93DC3AE27BD405D005E0F7F /* UITextField+Extension.swift */; };
		B94C115827BFAA54006BCB12 /* MyScanViewController.swift in Sources */ = {isa = PBXBuildFile; fileRef = B94C115727BFAA54006BCB12 /* MyScanViewController.swift */; };
		B94E180A27DE4DAD00814CC1 /* SuggestedViewCell.swift in Sources */ = {isa = PBXBuildFile; fileRef = B94E180927DE4DAD00814CC1 /* SuggestedViewCell.swift */; };
		B94E180C27DE5D5C00814CC1 /* SuggestedImagesViewController.swift in Sources */ = {isa = PBXBuildFile; fileRef = B94E180B27DE5D5C00814CC1 /* SuggestedImagesViewController.swift */; };
		B9593AA727B8428E00A9A91F /* Tool.swift in Sources */ = {isa = PBXBuildFile; fileRef = B9593AA627B8428E00A9A91F /* Tool.swift */; };
		B95CC85727B7C44700FC4FDD /* TabBarViewController.swift in Sources */ = {isa = PBXBuildFile; fileRef = B95CC85627B7C44700FC4FDD /* TabBarViewController.swift */; };
		B960F47D27E395D400D9CD9E /* MockGameService.swift in Sources */ = {isa = PBXBuildFile; fileRef = B960F47C27E395D400D9CD9E /* MockGameService.swift */; };
		B960F47F27E3961600D9CD9E /* FakeResponseData.swift in Sources */ = {isa = PBXBuildFile; fileRef = B960F47E27E3961600D9CD9E /* FakeResponseData.swift */; };
		B960F48127E3963800D9CD9E /* URLTestProtocol.swift in Sources */ = {isa = PBXBuildFile; fileRef = B960F48027E3963800D9CD9E /* URLTestProtocol.swift */; };
		B960F48327E3966F00D9CD9E /* TestCoreDataStack.swift in Sources */ = {isa = PBXBuildFile; fileRef = B960F48227E3966F00D9CD9E /* TestCoreDataStack.swift */; };
		B960F48527E3968300D9CD9E /* MyGamesService.swift in Sources */ = {isa = PBXBuildFile; fileRef = B960F48427E3968300D9CD9E /* MyGamesService.swift */; };
		B960F48727E3969D00D9CD9E /* MockMyGames.swift in Sources */ = {isa = PBXBuildFile; fileRef = B960F48627E3969D00D9CD9E /* MockMyGames.swift */; };
		B960F48927E39F1E00D9CD9E /* SearchJSON.json in Resources */ = {isa = PBXBuildFile; fileRef = B960F48827E39F1E00D9CD9E /* SearchJSON.json */; };
		B960F48D27E3A3AF00D9CD9E /* RAWPlatformGames.json in Resources */ = {isa = PBXBuildFile; fileRef = B960F48C27E3A3AF00D9CD9E /* RAWPlatformGames.json */; };
		B960F48F27E3A3E700D9CD9E /* UPCJSON.json in Resources */ = {isa = PBXBuildFile; fileRef = B960F48E27E3A3E700D9CD9E /* UPCJSON.json */; };
		B966F60127BEDC100022D9CD /* GameCardViewController.swift in Sources */ = {isa = PBXBuildFile; fileRef = B966F5FF27BEDC100022D9CD /* GameCardViewController.swift */; };
		B967461C27B420A60037F729 /* AppDelegate.swift in Sources */ = {isa = PBXBuildFile; fileRef = B967461B27B420A60037F729 /* AppDelegate.swift */; };
		B967461E27B420A60037F729 /* SceneDelegate.swift in Sources */ = {isa = PBXBuildFile; fileRef = B967461D27B420A60037F729 /* SceneDelegate.swift */; };
		B967462027B420A60037F729 /* LaunchViewController.swift in Sources */ = {isa = PBXBuildFile; fileRef = B967461F27B420A60037F729 /* LaunchViewController.swift */; };
		B967462627B420A60037F729 /* MyGamesLibrary.xcdatamodeld in Sources */ = {isa = PBXBuildFile; fileRef = B967462427B420A60037F729 /* MyGamesLibrary.xcdatamodeld */; };
		B967462827B420A70037F729 /* Assets.xcassets in Resources */ = {isa = PBXBuildFile; fileRef = B967462727B420A70037F729 /* Assets.xcassets */; };
		B967462B27B420A70037F729 /* LaunchScreen.storyboard in Resources */ = {isa = PBXBuildFile; fileRef = B967462927B420A70037F729 /* LaunchScreen.storyboard */; };
		B967463627B420A70037F729 /* MyGamesLibraryTests.swift in Sources */ = {isa = PBXBuildFile; fileRef = B967463527B420A70037F729 /* MyGamesLibraryTests.swift */; };
		B967464027B420A70037F729 /* MyGamesLibraryUITests.swift in Sources */ = {isa = PBXBuildFile; fileRef = B967463F27B420A70037F729 /* MyGamesLibraryUITests.swift */; };
		B967464227B420A70037F729 /* MyGamesLibraryUITestsLaunchTests.swift in Sources */ = {isa = PBXBuildFile; fileRef = B967464127B420A70037F729 /* MyGamesLibraryUITestsLaunchTests.swift */; };
		B969756627DA586A00801094 /* MyLibraryElements.swift in Sources */ = {isa = PBXBuildFile; fileRef = B969756527DA586A00801094 /* MyLibraryElements.swift */; };
		B96B34CB27B95E0F00565053 /* AuthHelper.swift in Sources */ = {isa = PBXBuildFile; fileRef = B96B34C927B95D6300565053 /* AuthHelper.swift */; };
		B970370E27CF677700FB144A /* NSManagedObject+Extension.swift in Sources */ = {isa = PBXBuildFile; fileRef = B970370D27CF677700FB144A /* NSManagedObject+Extension.swift */; };
		B97A8EC727DA94E3004294AA /* WebViewController.swift in Sources */ = {isa = PBXBuildFile; fileRef = B97A8EC627DA94E3004294AA /* WebViewController.swift */; };
		B97AFF2927E0EC0B00BE6517 /* MyGameViewController.swift in Sources */ = {isa = PBXBuildFile; fileRef = B97AFF2827E0EC0B00BE6517 /* MyGameViewController.swift */; };
		B9846C3027CE350100AA5057 /* CoreDataStack.swift in Sources */ = {isa = PBXBuildFile; fileRef = B9846C2F27CE350100AA5057 /* CoreDataStack.swift */; };
		B9846C3227CE36BE00AA5057 /* CoreDataManager.swift in Sources */ = {isa = PBXBuildFile; fileRef = B9846C3127CE36BE00AA5057 /* CoreDataManager.swift */; };
		B9846C3427CE574B00AA5057 /* MyGame.swift in Sources */ = {isa = PBXBuildFile; fileRef = B9846C3327CE574B00AA5057 /* MyGame.swift */; };
		B98D725C27C8ECFF002C593D /* FormViewController.swift in Sources */ = {isa = PBXBuildFile; fileRef = B98D725B27C8ECFF002C593D /* FormViewController.swift */; };
		B99CAAA527C2561000358ADD /* Items.swift in Sources */ = {isa = PBXBuildFile; fileRef = B99CAAA427C2561000358ADD /* Items.swift */; };
		B99CAAA727C259F200358ADD /* UIViewController+Extension.swift in Sources */ = {isa = PBXBuildFile; fileRef = B99CAAA627C259F200358ADD /* UIViewController+Extension.swift */; };
		B9A01B2D27C800C60057B6F3 /* ScreenshotsViewCell.swift in Sources */ = {isa = PBXBuildFile; fileRef = B9A01B2C27C800C60057B6F3 /* ScreenshotsViewCell.swift */; };
		B9BA031427B42FAA00D32908 /* UIView+Extension.swift in Sources */ = {isa = PBXBuildFile; fileRef = B9BA031327B42FAA00D32908 /* UIView+Extension.swift */; };
		B9BA031627B42FB700D32908 /* LogoAnimationView.swift in Sources */ = {isa = PBXBuildFile; fileRef = B9BA031527B42FB700D32908 /* LogoAnimationView.swift */; };
		B9BA031827B430BB00D32908 /* logoGif.gif in Resources */ = {isa = PBXBuildFile; fileRef = B9BA031727B430BB00D32908 /* logoGif.gif */; };
		B9BA032127B433DD00D32908 /* ApiErrorManager.swift in Sources */ = {isa = PBXBuildFile; fileRef = B9BA032027B433DD00D32908 /* ApiErrorManager.swift */; };
		B9BA032427B4345200D32908 /* Gamejot.ttf in Resources */ = {isa = PBXBuildFile; fileRef = B9BA032227B4345200D32908 /* Gamejot.ttf */; };
		B9BA032727B4368D00D32908 /* UILabel+Extension.swift in Sources */ = {isa = PBXBuildFile; fileRef = B9BA032627B4368D00D32908 /* UILabel+Extension.swift */; };
		B9BA032A27B437D700D32908 /* PS4ViewController.swift in Sources */ = {isa = PBXBuildFile; fileRef = B9BA032927B437D700D32908 /* PS4ViewController.swift */; };
		B9BA032C27B437E500D32908 /* XboxOneViewController.swift in Sources */ = {isa = PBXBuildFile; fileRef = B9BA032B27B437E500D32908 /* XboxOneViewController.swift */; };
		B9C5C4F027B6875500A01409 /* SearchViewController.swift in Sources */ = {isa = PBXBuildFile; fileRef = B9C5C4EF27B6875500A01409 /* SearchViewController.swift */; };
		B9C5C4F227B6876600A01409 /* MyLibraryViewController.swift in Sources */ = {isa = PBXBuildFile; fileRef = B9C5C4F127B6876600A01409 /* MyLibraryViewController.swift */; };
		B9C5C4F727B6B78800A01409 /* X360.ttf in Resources */ = {isa = PBXBuildFile; fileRef = B9C5C4F627B6B78800A01409 /* X360.ttf */; };
		B9C5C4F927B6B79900A01409 /* zrnic rg.ttf in Resources */ = {isa = PBXBuildFile; fileRef = B9C5C4F827B6B79900A01409 /* zrnic rg.ttf */; };
		B9C5C4FD27B6B9C000A01409 /* HWYGCOND.TTF in Resources */ = {isa = PBXBuildFile; fileRef = B9C5C4FC27B6B9C000A01409 /* HWYGCOND.TTF */; };
		B9C5C4FF27B6BCF000A01409 /* NintendoViewController.swift in Sources */ = {isa = PBXBuildFile; fileRef = B9C5C4FE27B6BCF000A01409 /* NintendoViewController.swift */; };
		B9C5C50427B6C9FD00A01409 /* GameTableViewCell.swift in Sources */ = {isa = PBXBuildFile; fileRef = B9C5C50227B6C9FD00A01409 /* GameTableViewCell.swift */; };
		B9C5C50527B6C9FD00A01409 /* GameTableViewCell.xib in Resources */ = {isa = PBXBuildFile; fileRef = B9C5C50327B6C9FD00A01409 /* GameTableViewCell.xib */; };
		B9DFF4FF27CCC72A004E498E /* GamesFavoriteViewController.swift in Sources */ = {isa = PBXBuildFile; fileRef = B9DFF4FE27CCC72A004E498E /* GamesFavoriteViewController.swift */; };
		E26EFCA94BD55E4F31310E8D /* Pods_MyGamesLibrary_MyGamesLibraryUITests.framework in Frameworks */ = {isa = PBXBuildFile; fileRef = B8E621C1C6121DA6EBBE6EFD /* Pods_MyGamesLibrary_MyGamesLibraryUITests.framework */; };
/* End PBXBuildFile section */

/* Begin PBXContainerItemProxy section */
		B967463227B420A70037F729 /* PBXContainerItemProxy */ = {
			isa = PBXContainerItemProxy;
			containerPortal = B967461027B420A60037F729 /* Project object */;
			proxyType = 1;
			remoteGlobalIDString = B967461727B420A60037F729;
			remoteInfo = MyGamesLibrary;
		};
		B967463C27B420A70037F729 /* PBXContainerItemProxy */ = {
			isa = PBXContainerItemProxy;
			containerPortal = B967461027B420A60037F729 /* Project object */;
			proxyType = 1;
			remoteGlobalIDString = B967461727B420A60037F729;
			remoteInfo = MyGamesLibrary;
		};
/* End PBXContainerItemProxy section */

/* Begin PBXFileReference section */
		592F9C32AD30CD63158C762E /* Pods-MyGamesLibraryTests.debug.xcconfig */ = {isa = PBXFileReference; includeInIndex = 1; lastKnownFileType = text.xcconfig; name = "Pods-MyGamesLibraryTests.debug.xcconfig"; path = "Target Support Files/Pods-MyGamesLibraryTests/Pods-MyGamesLibraryTests.debug.xcconfig"; sourceTree = "<group>"; };
		5F79FB6395E3C2FFCCC25275 /* Pods-MyGamesLibrary-MyGamesLibraryUITests.debug.xcconfig */ = {isa = PBXFileReference; includeInIndex = 1; lastKnownFileType = text.xcconfig; name = "Pods-MyGamesLibrary-MyGamesLibraryUITests.debug.xcconfig"; path = "Target Support Files/Pods-MyGamesLibrary-MyGamesLibraryUITests/Pods-MyGamesLibrary-MyGamesLibraryUITests.debug.xcconfig"; sourceTree = "<group>"; };
		60DBD57C09A604768ADF13C7 /* Pods_MyGamesLibrary.framework */ = {isa = PBXFileReference; explicitFileType = wrapper.framework; includeInIndex = 0; path = Pods_MyGamesLibrary.framework; sourceTree = BUILT_PRODUCTS_DIR; };
		8E0ACB9E53C0604393CB16B1 /* Pods-MyGamesLibrary-MyGamesLibraryUITests.release.xcconfig */ = {isa = PBXFileReference; includeInIndex = 1; lastKnownFileType = text.xcconfig; name = "Pods-MyGamesLibrary-MyGamesLibraryUITests.release.xcconfig"; path = "Target Support Files/Pods-MyGamesLibrary-MyGamesLibraryUITests/Pods-MyGamesLibrary-MyGamesLibraryUITests.release.xcconfig"; sourceTree = "<group>"; };
		A6CFBF2049517F51B2C87CE2 /* Pods-MyGamesLibrary.release.xcconfig */ = {isa = PBXFileReference; includeInIndex = 1; lastKnownFileType = text.xcconfig; name = "Pods-MyGamesLibrary.release.xcconfig"; path = "Target Support Files/Pods-MyGamesLibrary/Pods-MyGamesLibrary.release.xcconfig"; sourceTree = "<group>"; };
		AC550B3501A63704601D1E8B /* Pods-MyGamesLibraryTests.release.xcconfig */ = {isa = PBXFileReference; includeInIndex = 1; lastKnownFileType = text.xcconfig; name = "Pods-MyGamesLibraryTests.release.xcconfig"; path = "Target Support Files/Pods-MyGamesLibraryTests/Pods-MyGamesLibraryTests.release.xcconfig"; sourceTree = "<group>"; };
		B8E621C1C6121DA6EBBE6EFD /* Pods_MyGamesLibrary_MyGamesLibraryUITests.framework */ = {isa = PBXFileReference; explicitFileType = wrapper.framework; includeInIndex = 0; path = Pods_MyGamesLibrary_MyGamesLibraryUITests.framework; sourceTree = BUILT_PRODUCTS_DIR; };
		B921F10D27E5D4780039D1BA /* PlatformsViewController.swift */ = {isa = PBXFileReference; lastKnownFileType = sourcecode.swift; path = PlatformsViewController.swift; sourceTree = "<group>"; };
		B93AF74527BA90F3001D42AD /* Game.swift */ = {isa = PBXFileReference; lastKnownFileType = sourcecode.swift; path = Game.swift; sourceTree = "<group>"; };
		B93AF74727BA9112001D42AD /* GamePlatform.swift */ = {isa = PBXFileReference; lastKnownFileType = sourcecode.swift; path = GamePlatform.swift; sourceTree = "<group>"; };
		B93AF74A27BAA29E001D42AD /* SecretApiKey.swift */ = {isa = PBXFileReference; lastKnownFileType = sourcecode.swift; path = SecretApiKey.swift; sourceTree = "<group>"; };
		B93AF74C27BAA52B001D42AD /* GameService.swift */ = {isa = PBXFileReference; lastKnownFileType = sourcecode.swift; path = GameService.swift; sourceTree = "<group>"; };
		B93AF74E27BAB33C001D42AD /* UIImageView+Extension.swift */ = {isa = PBXFileReference; lastKnownFileType = sourcecode.swift; path = "UIImageView+Extension.swift"; sourceTree = "<group>"; };
		B93DB8FE27DFE34D0000F651 /* Main.storyboard */ = {isa = PBXFileReference; fileEncoding = 4; lastKnownFileType = file.storyboard; path = Main.storyboard; sourceTree = "<group>"; };
		B93DC3AE27BD405D005E0F7F /* UITextField+Extension.swift */ = {isa = PBXFileReference; lastKnownFileType = sourcecode.swift; path = "UITextField+Extension.swift"; sourceTree = "<group>"; };
		B94C115727BFAA54006BCB12 /* MyScanViewController.swift */ = {isa = PBXFileReference; lastKnownFileType = sourcecode.swift; path = MyScanViewController.swift; sourceTree = "<group>"; };
		B94E180927DE4DAD00814CC1 /* SuggestedViewCell.swift */ = {isa = PBXFileReference; lastKnownFileType = sourcecode.swift; path = SuggestedViewCell.swift; sourceTree = "<group>"; };
		B94E180B27DE5D5C00814CC1 /* SuggestedImagesViewController.swift */ = {isa = PBXFileReference; lastKnownFileType = sourcecode.swift; path = SuggestedImagesViewController.swift; sourceTree = "<group>"; };
		B9593AA627B8428E00A9A91F /* Tool.swift */ = {isa = PBXFileReference; lastKnownFileType = sourcecode.swift; path = Tool.swift; sourceTree = "<group>"; };
		B95CC85627B7C44700FC4FDD /* TabBarViewController.swift */ = {isa = PBXFileReference; lastKnownFileType = sourcecode.swift; path = TabBarViewController.swift; sourceTree = "<group>"; };
		B960F47C27E395D400D9CD9E /* MockGameService.swift */ = {isa = PBXFileReference; lastKnownFileType = sourcecode.swift; path = MockGameService.swift; sourceTree = "<group>"; };
		B960F47E27E3961600D9CD9E /* FakeResponseData.swift */ = {isa = PBXFileReference; lastKnownFileType = sourcecode.swift; path = FakeResponseData.swift; sourceTree = "<group>"; };
		B960F48027E3963800D9CD9E /* URLTestProtocol.swift */ = {isa = PBXFileReference; lastKnownFileType = sourcecode.swift; path = URLTestProtocol.swift; sourceTree = "<group>"; };
		B960F48227E3966F00D9CD9E /* TestCoreDataStack.swift */ = {isa = PBXFileReference; lastKnownFileType = sourcecode.swift; path = TestCoreDataStack.swift; sourceTree = "<group>"; };
		B960F48427E3968300D9CD9E /* MyGamesService.swift */ = {isa = PBXFileReference; lastKnownFileType = sourcecode.swift; path = MyGamesService.swift; sourceTree = "<group>"; };
		B960F48627E3969D00D9CD9E /* MockMyGames.swift */ = {isa = PBXFileReference; lastKnownFileType = sourcecode.swift; path = MockMyGames.swift; sourceTree = "<group>"; };
		B960F48827E39F1E00D9CD9E /* SearchJSON.json */ = {isa = PBXFileReference; lastKnownFileType = text.json; path = SearchJSON.json; sourceTree = "<group>"; };
		B960F48C27E3A3AF00D9CD9E /* RAWPlatformGames.json */ = {isa = PBXFileReference; lastKnownFileType = text.json; path = RAWPlatformGames.json; sourceTree = "<group>"; };
		B960F48E27E3A3E700D9CD9E /* UPCJSON.json */ = {isa = PBXFileReference; lastKnownFileType = text.json; path = UPCJSON.json; sourceTree = "<group>"; };
		B966F5FF27BEDC100022D9CD /* GameCardViewController.swift */ = {isa = PBXFileReference; lastKnownFileType = sourcecode.swift; path = GameCardViewController.swift; sourceTree = "<group>"; };
		B967461827B420A60037F729 /* MyGamesLibrary.app */ = {isa = PBXFileReference; explicitFileType = wrapper.application; includeInIndex = 0; path = MyGamesLibrary.app; sourceTree = BUILT_PRODUCTS_DIR; };
		B967461B27B420A60037F729 /* AppDelegate.swift */ = {isa = PBXFileReference; lastKnownFileType = sourcecode.swift; path = AppDelegate.swift; sourceTree = "<group>"; };
		B967461D27B420A60037F729 /* SceneDelegate.swift */ = {isa = PBXFileReference; lastKnownFileType = sourcecode.swift; path = SceneDelegate.swift; sourceTree = "<group>"; };
		B967461F27B420A60037F729 /* LaunchViewController.swift */ = {isa = PBXFileReference; lastKnownFileType = sourcecode.swift; path = LaunchViewController.swift; sourceTree = "<group>"; };
		B967462527B420A60037F729 /* MyGamesLibrary.xcdatamodel */ = {isa = PBXFileReference; lastKnownFileType = wrapper.xcdatamodel; path = MyGamesLibrary.xcdatamodel; sourceTree = "<group>"; };
		B967462727B420A70037F729 /* Assets.xcassets */ = {isa = PBXFileReference; lastKnownFileType = folder.assetcatalog; path = Assets.xcassets; sourceTree = "<group>"; };
		B967462A27B420A70037F729 /* Base */ = {isa = PBXFileReference; lastKnownFileType = file.storyboard; name = Base; path = Base.lproj/LaunchScreen.storyboard; sourceTree = "<group>"; };
		B967462C27B420A70037F729 /* Info.plist */ = {isa = PBXFileReference; lastKnownFileType = text.plist.xml; path = Info.plist; sourceTree = "<group>"; };
		B967463127B420A70037F729 /* MyGamesLibraryTests.xctest */ = {isa = PBXFileReference; explicitFileType = wrapper.cfbundle; includeInIndex = 0; path = MyGamesLibraryTests.xctest; sourceTree = BUILT_PRODUCTS_DIR; };
		B967463527B420A70037F729 /* MyGamesLibraryTests.swift */ = {isa = PBXFileReference; lastKnownFileType = sourcecode.swift; path = MyGamesLibraryTests.swift; sourceTree = "<group>"; };
		B967463B27B420A70037F729 /* MyGamesLibraryUITests.xctest */ = {isa = PBXFileReference; explicitFileType = wrapper.cfbundle; includeInIndex = 0; path = MyGamesLibraryUITests.xctest; sourceTree = BUILT_PRODUCTS_DIR; };
		B967463F27B420A70037F729 /* MyGamesLibraryUITests.swift */ = {isa = PBXFileReference; lastKnownFileType = sourcecode.swift; path = MyGamesLibraryUITests.swift; sourceTree = "<group>"; };
		B967464127B420A70037F729 /* MyGamesLibraryUITestsLaunchTests.swift */ = {isa = PBXFileReference; lastKnownFileType = sourcecode.swift; path = MyGamesLibraryUITestsLaunchTests.swift; sourceTree = "<group>"; };
		B969756527DA586A00801094 /* MyLibraryElements.swift */ = {isa = PBXFileReference; lastKnownFileType = sourcecode.swift; path = MyLibraryElements.swift; sourceTree = "<group>"; };
		B96B34C927B95D6300565053 /* AuthHelper.swift */ = {isa = PBXFileReference; lastKnownFileType = sourcecode.swift; path = AuthHelper.swift; sourceTree = "<group>"; };
		B970370D27CF677700FB144A /* NSManagedObject+Extension.swift */ = {isa = PBXFileReference; lastKnownFileType = sourcecode.swift; path = "NSManagedObject+Extension.swift"; sourceTree = "<group>"; };
		B97A8EC627DA94E3004294AA /* WebViewController.swift */ = {isa = PBXFileReference; lastKnownFileType = sourcecode.swift; path = WebViewController.swift; sourceTree = "<group>"; };
		B97AFF2827E0EC0B00BE6517 /* MyGameViewController.swift */ = {isa = PBXFileReference; lastKnownFileType = sourcecode.swift; path = MyGameViewController.swift; sourceTree = "<group>"; };
		B9846C2F27CE350100AA5057 /* CoreDataStack.swift */ = {isa = PBXFileReference; lastKnownFileType = sourcecode.swift; path = CoreDataStack.swift; sourceTree = "<group>"; };
		B9846C3127CE36BE00AA5057 /* CoreDataManager.swift */ = {isa = PBXFileReference; lastKnownFileType = sourcecode.swift; path = CoreDataManager.swift; sourceTree = "<group>"; };
		B9846C3327CE574B00AA5057 /* MyGame.swift */ = {isa = PBXFileReference; lastKnownFileType = sourcecode.swift; path = MyGame.swift; sourceTree = "<group>"; };
		B98D725B27C8ECFF002C593D /* FormViewController.swift */ = {isa = PBXFileReference; lastKnownFileType = sourcecode.swift; path = FormViewController.swift; sourceTree = "<group>"; };
		B99CAAA427C2561000358ADD /* Items.swift */ = {isa = PBXFileReference; lastKnownFileType = sourcecode.swift; path = Items.swift; sourceTree = "<group>"; };
		B99CAAA627C259F200358ADD /* UIViewController+Extension.swift */ = {isa = PBXFileReference; lastKnownFileType = sourcecode.swift; path = "UIViewController+Extension.swift"; sourceTree = "<group>"; };
		B9A01B2C27C800C60057B6F3 /* ScreenshotsViewCell.swift */ = {isa = PBXFileReference; lastKnownFileType = sourcecode.swift; path = ScreenshotsViewCell.swift; sourceTree = "<group>"; };
		B9BA031327B42FAA00D32908 /* UIView+Extension.swift */ = {isa = PBXFileReference; fileEncoding = 4; lastKnownFileType = sourcecode.swift; path = "UIView+Extension.swift"; sourceTree = "<group>"; };
		B9BA031527B42FB700D32908 /* LogoAnimationView.swift */ = {isa = PBXFileReference; fileEncoding = 4; lastKnownFileType = sourcecode.swift; path = LogoAnimationView.swift; sourceTree = "<group>"; };
		B9BA031727B430BB00D32908 /* logoGif.gif */ = {isa = PBXFileReference; lastKnownFileType = image.gif; path = logoGif.gif; sourceTree = "<group>"; };
		B9BA032027B433DD00D32908 /* ApiErrorManager.swift */ = {isa = PBXFileReference; lastKnownFileType = sourcecode.swift; path = ApiErrorManager.swift; sourceTree = "<group>"; };
		B9BA032227B4345200D32908 /* Gamejot.ttf */ = {isa = PBXFileReference; lastKnownFileType = file; name = Gamejot.ttf; path = "../../../support files/Font/Gamejot.ttf"; sourceTree = "<group>"; };
		B9BA032327B4345200D32908 /* Gamejot.ttf */ = {isa = PBXFileReference; lastKnownFileType = file; name = Gamejot.ttf; path = "../../../support files/Font/Gamejot.ttf"; sourceTree = "<group>"; };
		B9BA032627B4368D00D32908 /* UILabel+Extension.swift */ = {isa = PBXFileReference; fileEncoding = 4; lastKnownFileType = sourcecode.swift; path = "UILabel+Extension.swift"; sourceTree = "<group>"; };
		B9BA032927B437D700D32908 /* PS4ViewController.swift */ = {isa = PBXFileReference; lastKnownFileType = sourcecode.swift; path = PS4ViewController.swift; sourceTree = "<group>"; };
		B9BA032B27B437E500D32908 /* XboxOneViewController.swift */ = {isa = PBXFileReference; lastKnownFileType = sourcecode.swift; path = XboxOneViewController.swift; sourceTree = "<group>"; };
		B9C5C4EF27B6875500A01409 /* SearchViewController.swift */ = {isa = PBXFileReference; lastKnownFileType = sourcecode.swift; path = SearchViewController.swift; sourceTree = "<group>"; };
		B9C5C4F127B6876600A01409 /* MyLibraryViewController.swift */ = {isa = PBXFileReference; lastKnownFileType = sourcecode.swift; path = MyLibraryViewController.swift; sourceTree = "<group>"; };
		B9C5C4F627B6B78800A01409 /* X360.ttf */ = {isa = PBXFileReference; lastKnownFileType = file; name = X360.ttf; path = "../../../support files/Font/X360.ttf"; sourceTree = "<group>"; };
		B9C5C4F827B6B79900A01409 /* zrnic rg.ttf */ = {isa = PBXFileReference; lastKnownFileType = file; name = "zrnic rg.ttf"; path = "../../../support files/Font/zrnic/zrnic rg.ttf"; sourceTree = "<group>"; };
		B9C5C4FC27B6B9C000A01409 /* HWYGCOND.TTF */ = {isa = PBXFileReference; lastKnownFileType = file; name = HWYGCOND.TTF; path = "../../../support files/Font/highway_gothic/HWYGCOND.TTF"; sourceTree = "<group>"; };
		B9C5C4FE27B6BCF000A01409 /* NintendoViewController.swift */ = {isa = PBXFileReference; lastKnownFileType = sourcecode.swift; path = NintendoViewController.swift; sourceTree = "<group>"; };
		B9C5C50227B6C9FD00A01409 /* GameTableViewCell.swift */ = {isa = PBXFileReference; lastKnownFileType = sourcecode.swift; path = GameTableViewCell.swift; sourceTree = "<group>"; };
		B9C5C50327B6C9FD00A01409 /* GameTableViewCell.xib */ = {isa = PBXFileReference; lastKnownFileType = file.xib; path = GameTableViewCell.xib; sourceTree = "<group>"; };
		B9DFF4FE27CCC72A004E498E /* GamesFavoriteViewController.swift */ = {isa = PBXFileReference; lastKnownFileType = sourcecode.swift; path = GamesFavoriteViewController.swift; sourceTree = "<group>"; };
		C6FB3B454485BAB83D7BF11D /* Pods_MyGamesLibraryTests.framework */ = {isa = PBXFileReference; explicitFileType = wrapper.framework; includeInIndex = 0; path = Pods_MyGamesLibraryTests.framework; sourceTree = BUILT_PRODUCTS_DIR; };
		F216A4696F451C7195E091EE /* Pods-MyGamesLibrary.debug.xcconfig */ = {isa = PBXFileReference; includeInIndex = 1; lastKnownFileType = text.xcconfig; name = "Pods-MyGamesLibrary.debug.xcconfig"; path = "Target Support Files/Pods-MyGamesLibrary/Pods-MyGamesLibrary.debug.xcconfig"; sourceTree = "<group>"; };
/* End PBXFileReference section */

/* Begin PBXFrameworksBuildPhase section */
		B967461527B420A60037F729 /* Frameworks */ = {
			isa = PBXFrameworksBuildPhase;
			buildActionMask = 2147483647;
			files = (
				0B65D9029F4F523B97A919D3 /* Pods_MyGamesLibrary.framework in Frameworks */,
			);
			runOnlyForDeploymentPostprocessing = 0;
		};
		B967462E27B420A70037F729 /* Frameworks */ = {
			isa = PBXFrameworksBuildPhase;
			buildActionMask = 2147483647;
			files = (
				7C9EE44BE7654E72C367FDCC /* Pods_MyGamesLibraryTests.framework in Frameworks */,
			);
			runOnlyForDeploymentPostprocessing = 0;
		};
		B967463827B420A70037F729 /* Frameworks */ = {
			isa = PBXFrameworksBuildPhase;
			buildActionMask = 2147483647;
			files = (
				E26EFCA94BD55E4F31310E8D /* Pods_MyGamesLibrary_MyGamesLibraryUITests.framework in Frameworks */,
			);
			runOnlyForDeploymentPostprocessing = 0;
		};
/* End PBXFrameworksBuildPhase section */

/* Begin PBXGroup section */
		3E697F01636993FE892FE357 /* Pods */ = {
			isa = PBXGroup;
			children = (
				F216A4696F451C7195E091EE /* Pods-MyGamesLibrary.debug.xcconfig */,
				A6CFBF2049517F51B2C87CE2 /* Pods-MyGamesLibrary.release.xcconfig */,
				5F79FB6395E3C2FFCCC25275 /* Pods-MyGamesLibrary-MyGamesLibraryUITests.debug.xcconfig */,
				8E0ACB9E53C0604393CB16B1 /* Pods-MyGamesLibrary-MyGamesLibraryUITests.release.xcconfig */,
				592F9C32AD30CD63158C762E /* Pods-MyGamesLibraryTests.debug.xcconfig */,
				AC550B3501A63704601D1E8B /* Pods-MyGamesLibraryTests.release.xcconfig */,
			);
			path = Pods;
			sourceTree = "<group>";
		};
		6C7F784812C08BD0BEC8C6DF /* Frameworks */ = {
			isa = PBXGroup;
			children = (
				60DBD57C09A604768ADF13C7 /* Pods_MyGamesLibrary.framework */,
				B8E621C1C6121DA6EBBE6EFD /* Pods_MyGamesLibrary_MyGamesLibraryUITests.framework */,
				C6FB3B454485BAB83D7BF11D /* Pods_MyGamesLibraryTests.framework */,
			);
			name = Frameworks;
			sourceTree = "<group>";
		};
		B93AF74927BAA27E001D42AD /* SecretKey */ = {
			isa = PBXGroup;
			children = (
				B93AF74A27BAA29E001D42AD /* SecretApiKey.swift */,
			);
			path = SecretKey;
			sourceTree = "<group>";
		};
		B93AF75027BABD59001D42AD /* Cell */ = {
			isa = PBXGroup;
			children = (
				B9C5C50327B6C9FD00A01409 /* GameTableViewCell.xib */,
			);
			path = Cell;
			sourceTree = "<group>";
		};
		B960F47A27E3955E00D9CD9E /* CoreDataTests */ = {
			isa = PBXGroup;
			children = (
				B960F48227E3966F00D9CD9E /* TestCoreDataStack.swift */,
				B960F48427E3968300D9CD9E /* MyGamesService.swift */,
				B960F48627E3969D00D9CD9E /* MockMyGames.swift */,
			);
			path = CoreDataTests;
			sourceTree = "<group>";
		};
		B960F47B27E3956F00D9CD9E /* NetworkTests */ = {
			isa = PBXGroup;
			children = (
				B960F48027E3963800D9CD9E /* URLTestProtocol.swift */,
				B960F47E27E3961600D9CD9E /* FakeResponseData.swift */,
				B960F47C27E395D400D9CD9E /* MockGameService.swift */,
				B960F48827E39F1E00D9CD9E /* SearchJSON.json */,
				B960F48C27E3A3AF00D9CD9E /* RAWPlatformGames.json */,
				B960F48E27E3A3E700D9CD9E /* UPCJSON.json */,
			);
			path = NetworkTests;
			sourceTree = "<group>";
		};
		B967460F27B420A60037F729 = {
			isa = PBXGroup;
			children = (
				B967461A27B420A60037F729 /* MyGamesLibrary */,
				B967463427B420A70037F729 /* MyGamesLibraryTests */,
				B967463E27B420A70037F729 /* MyGamesLibraryUITests */,
				B967461927B420A60037F729 /* Products */,
				3E697F01636993FE892FE357 /* Pods */,
				6C7F784812C08BD0BEC8C6DF /* Frameworks */,
			);
			sourceTree = "<group>";
		};
		B967461927B420A60037F729 /* Products */ = {
			isa = PBXGroup;
			children = (
				B967461827B420A60037F729 /* MyGamesLibrary.app */,
				B967463127B420A70037F729 /* MyGamesLibraryTests.xctest */,
				B967463B27B420A70037F729 /* MyGamesLibraryUITests.xctest */,
			);
			name = Products;
			sourceTree = "<group>";
		};
		B967461A27B420A60037F729 /* MyGamesLibrary */ = {
			isa = PBXGroup;
			children = (
				B9BA031C27B432D100D32908 /* Support Files */,
				B9BA031927B432AC00D32908 /* Model */,
				B9BA031A27B432B100D32908 /* View */,
				B9BA031B27B432BA00D32908 /* Controller */,
				B967462C27B420A70037F729 /* Info.plist */,
			);
			path = MyGamesLibrary;
			sourceTree = "<group>";
		};
		B967463427B420A70037F729 /* MyGamesLibraryTests */ = {
			isa = PBXGroup;
			children = (
				B967463527B420A70037F729 /* MyGamesLibraryTests.swift */,
				B960F47B27E3956F00D9CD9E /* NetworkTests */,
				B960F47A27E3955E00D9CD9E /* CoreDataTests */,
			);
			path = MyGamesLibraryTests;
			sourceTree = "<group>";
		};
		B967463E27B420A70037F729 /* MyGamesLibraryUITests */ = {
			isa = PBXGroup;
			children = (
				B967463F27B420A70037F729 /* MyGamesLibraryUITests.swift */,
				B967464127B420A70037F729 /* MyGamesLibraryUITestsLaunchTests.swift */,
			);
			path = MyGamesLibraryUITests;
			sourceTree = "<group>";
		};
		B9BA031927B432AC00D32908 /* Model */ = {
			isa = PBXGroup;
			children = (
				B9BA031F27B4334000D32908 /* CoreData */,
				B93AF74927BAA27E001D42AD /* SecretKey */,
				B9BA031E27B4332A00D32908 /* RAWGService */,
				B969756527DA586A00801094 /* MyLibraryElements.swift */,
			);
			path = Model;
			sourceTree = "<group>";
		};
		B9BA031A27B432B100D32908 /* View */ = {
			isa = PBXGroup;
			children = (
				B96B34C927B95D6300565053 /* AuthHelper.swift */,
				B9593AA627B8428E00A9A91F /* Tool.swift */,
				B9D3687927C62B8800D2CC3D /* Storyboard */,
				B9BA032827B4369300D32908 /* Extensions */,
			);
			path = View;
			sourceTree = "<group>";
		};
		B9BA031B27B432BA00D32908 /* Controller */ = {
			isa = PBXGroup;
			children = (
				B967461F27B420A60037F729 /* LaunchViewController.swift */,
				B95CC85627B7C44700FC4FDD /* TabBarViewController.swift */,
				B9BA032927B437D700D32908 /* PS4ViewController.swift */,
				B9BA032B27B437E500D32908 /* XboxOneViewController.swift */,
				B9C5C4FE27B6BCF000A01409 /* NintendoViewController.swift */,
				B966F5FF27BEDC100022D9CD /* GameCardViewController.swift */,
				B97A8EC627DA94E3004294AA /* WebViewController.swift */,
				B921F10D27E5D4780039D1BA /* PlatformsViewController.swift */,
				B9C5C4EF27B6875500A01409 /* SearchViewController.swift */,
				B94C115727BFAA54006BCB12 /* MyScanViewController.swift */,
				B9C5C4F127B6876600A01409 /* MyLibraryViewController.swift */,
				B9DFF4FE27CCC72A004E498E /* GamesFavoriteViewController.swift */,
				B97AFF2827E0EC0B00BE6517 /* MyGameViewController.swift */,
				B98D725B27C8ECFF002C593D /* FormViewController.swift */,
				B94E180B27DE5D5C00814CC1 /* SuggestedImagesViewController.swift */,
				B9C5C50627B6DC6400A01409 /* Cells */,
			);
			path = Controller;
			sourceTree = "<group>";
		};
		B9BA031C27B432D100D32908 /* Support Files */ = {
			isa = PBXGroup;
			children = (
				B9BA031D27B432E100D32908 /* LaunchScreenAnimation */,
				B967461B27B420A60037F729 /* AppDelegate.swift */,
				B967461D27B420A60037F729 /* SceneDelegate.swift */,
				B9BA032327B4345200D32908 /* Gamejot.ttf */,
				B9C5C4FC27B6B9C000A01409 /* HWYGCOND.TTF */,
				B9C5C4F827B6B79900A01409 /* zrnic rg.ttf */,
				B9C5C4F627B6B78800A01409 /* X360.ttf */,
				B9BA032227B4345200D32908 /* Gamejot.ttf */,
				B967462727B420A70037F729 /* Assets.xcassets */,
			);
			path = "Support Files";
			sourceTree = "<group>";
		};
		B9BA031D27B432E100D32908 /* LaunchScreenAnimation */ = {
			isa = PBXGroup;
			children = (
				B9BA031727B430BB00D32908 /* logoGif.gif */,
				B9BA031527B42FB700D32908 /* LogoAnimationView.swift */,
			);
			path = LaunchScreenAnimation;
			sourceTree = "<group>";
		};
		B9BA031E27B4332A00D32908 /* RAWGService */ = {
			isa = PBXGroup;
			children = (
				B9BA032027B433DD00D32908 /* ApiErrorManager.swift */,
				B93AF74C27BAA52B001D42AD /* GameService.swift */,
				B93AF74527BA90F3001D42AD /* Game.swift */,
				B99CAAA427C2561000358ADD /* Items.swift */,
				B93AF74727BA9112001D42AD /* GamePlatform.swift */,
			);
			path = RAWGService;
			sourceTree = "<group>";
		};
		B9BA031F27B4334000D32908 /* CoreData */ = {
			isa = PBXGroup;
			children = (
				B967462427B420A60037F729 /* MyGamesLibrary.xcdatamodeld */,
				B9846C3327CE574B00AA5057 /* MyGame.swift */,
				B9846C2F27CE350100AA5057 /* CoreDataStack.swift */,
				B9846C3127CE36BE00AA5057 /* CoreDataManager.swift */,
				B970370D27CF677700FB144A /* NSManagedObject+Extension.swift */,
			);
			path = CoreData;
			sourceTree = "<group>";
		};
		B9BA032827B4369300D32908 /* Extensions */ = {
			isa = PBXGroup;
			children = (
				B9BA031327B42FAA00D32908 /* UIView+Extension.swift */,
				B9BA032627B4368D00D32908 /* UILabel+Extension.swift */,
				B93AF74E27BAB33C001D42AD /* UIImageView+Extension.swift */,
				B93DC3AE27BD405D005E0F7F /* UITextField+Extension.swift */,
				B99CAAA627C259F200358ADD /* UIViewController+Extension.swift */,
			);
			path = Extensions;
			sourceTree = "<group>";
		};
		B9C5C50627B6DC6400A01409 /* Cells */ = {
			isa = PBXGroup;
			children = (
				B9C5C50227B6C9FD00A01409 /* GameTableViewCell.swift */,
				B9A01B2C27C800C60057B6F3 /* ScreenshotsViewCell.swift */,
				B94E180927DE4DAD00814CC1 /* SuggestedViewCell.swift */,
			);
			path = Cells;
			sourceTree = "<group>";
		};
		B9D3687927C62B8800D2CC3D /* Storyboard */ = {
			isa = PBXGroup;
			children = (
				B93DB8FE27DFE34D0000F651 /* Main.storyboard */,
				B967462927B420A70037F729 /* LaunchScreen.storyboard */,
				B93AF75027BABD59001D42AD /* Cell */,
			);
			path = Storyboard;
			sourceTree = "<group>";
		};
/* End PBXGroup section */

/* Begin PBXNativeTarget section */
		B967461727B420A60037F729 /* MyGamesLibrary */ = {
			isa = PBXNativeTarget;
			buildConfigurationList = B967464527B420A70037F729 /* Build configuration list for PBXNativeTarget "MyGamesLibrary" */;
			buildPhases = (
				C971E50A55A5E0B81B897182 /* [CP] Check Pods Manifest.lock */,
				B967461427B420A60037F729 /* Sources */,
				B967461527B420A60037F729 /* Frameworks */,
				B967461627B420A60037F729 /* Resources */,
				D51EEDAF88BE168D879DEB6A /* [CP] Embed Pods Frameworks */,
			);
			buildRules = (
			);
			dependencies = (
			);
			name = MyGamesLibrary;
			packageProductDependencies = (
			);
			productName = MyGamesLibrary;
			productReference = B967461827B420A60037F729 /* MyGamesLibrary.app */;
			productType = "com.apple.product-type.application";
		};
		B967463027B420A70037F729 /* MyGamesLibraryTests */ = {
			isa = PBXNativeTarget;
			buildConfigurationList = B967464827B420A70037F729 /* Build configuration list for PBXNativeTarget "MyGamesLibraryTests" */;
			buildPhases = (
				79A9D3A2B8FC3F9D6FE4CB92 /* [CP] Check Pods Manifest.lock */,
				B967462D27B420A70037F729 /* Sources */,
				B967462E27B420A70037F729 /* Frameworks */,
				B967462F27B420A70037F729 /* Resources */,
			);
			buildRules = (
			);
			dependencies = (
				B967463327B420A70037F729 /* PBXTargetDependency */,
			);
			name = MyGamesLibraryTests;
			productName = MyGamesLibraryTests;
			productReference = B967463127B420A70037F729 /* MyGamesLibraryTests.xctest */;
			productType = "com.apple.product-type.bundle.unit-test";
		};
		B967463A27B420A70037F729 /* MyGamesLibraryUITests */ = {
			isa = PBXNativeTarget;
			buildConfigurationList = B967464B27B420A70037F729 /* Build configuration list for PBXNativeTarget "MyGamesLibraryUITests" */;
			buildPhases = (
				55C9F294AE4591E9C8280D20 /* [CP] Check Pods Manifest.lock */,
				B967463727B420A70037F729 /* Sources */,
				B967463827B420A70037F729 /* Frameworks */,
				B967463927B420A70037F729 /* Resources */,
				8827825207752173ABAFD4DE /* [CP] Embed Pods Frameworks */,
			);
			buildRules = (
			);
			dependencies = (
				B967463D27B420A70037F729 /* PBXTargetDependency */,
			);
			name = MyGamesLibraryUITests;
			productName = MyGamesLibraryUITests;
			productReference = B967463B27B420A70037F729 /* MyGamesLibraryUITests.xctest */;
			productType = "com.apple.product-type.bundle.ui-testing";
		};
/* End PBXNativeTarget section */

/* Begin PBXProject section */
		B967461027B420A60037F729 /* Project object */ = {
			isa = PBXProject;
			attributes = {
				BuildIndependentTargetsInParallel = 1;
				LastSwiftUpdateCheck = 1320;
				LastUpgradeCheck = 1320;
				TargetAttributes = {
					B967461727B420A60037F729 = {
						CreatedOnToolsVersion = 13.2;
					};
					B967463027B420A70037F729 = {
						CreatedOnToolsVersion = 13.2;
						TestTargetID = B967461727B420A60037F729;
					};
					B967463A27B420A70037F729 = {
						CreatedOnToolsVersion = 13.2;
						TestTargetID = B967461727B420A60037F729;
					};
				};
			};
			buildConfigurationList = B967461327B420A60037F729 /* Build configuration list for PBXProject "MyGamesLibrary" */;
			compatibilityVersion = "Xcode 13.0";
			developmentRegion = en;
			hasScannedForEncodings = 0;
			knownRegions = (
				en,
				Base,
			);
			mainGroup = B967460F27B420A60037F729;
			packageReferences = (
			);
			productRefGroup = B967461927B420A60037F729 /* Products */;
			projectDirPath = "";
			projectRoot = "";
			targets = (
				B967461727B420A60037F729 /* MyGamesLibrary */,
				B967463027B420A70037F729 /* MyGamesLibraryTests */,
				B967463A27B420A70037F729 /* MyGamesLibraryUITests */,
			);
		};
/* End PBXProject section */

/* Begin PBXResourcesBuildPhase section */
		B967461627B420A60037F729 /* Resources */ = {
			isa = PBXResourcesBuildPhase;
			buildActionMask = 2147483647;
			files = (
				B967462B27B420A70037F729 /* LaunchScreen.storyboard in Resources */,
				B93DB8FF27DFE34D0000F651 /* Main.storyboard in Resources */,
				B9C5C50527B6C9FD00A01409 /* GameTableViewCell.xib in Resources */,
				B967462827B420A70037F729 /* Assets.xcassets in Resources */,
				B9BA031827B430BB00D32908 /* logoGif.gif in Resources */,
				B9C5C4FD27B6B9C000A01409 /* HWYGCOND.TTF in Resources */,
				B9C5C4F727B6B78800A01409 /* X360.ttf in Resources */,
				B9BA032427B4345200D32908 /* Gamejot.ttf in Resources */,
				B9C5C4F927B6B79900A01409 /* zrnic rg.ttf in Resources */,
			);
			runOnlyForDeploymentPostprocessing = 0;
		};
		B967462F27B420A70037F729 /* Resources */ = {
			isa = PBXResourcesBuildPhase;
			buildActionMask = 2147483647;
			files = (
				B960F48D27E3A3AF00D9CD9E /* RAWPlatformGames.json in Resources */,
				B960F48F27E3A3E700D9CD9E /* UPCJSON.json in Resources */,
				B960F48927E39F1E00D9CD9E /* SearchJSON.json in Resources */,
			);
			runOnlyForDeploymentPostprocessing = 0;
		};
		B967463927B420A70037F729 /* Resources */ = {
			isa = PBXResourcesBuildPhase;
			buildActionMask = 2147483647;
			files = (
			);
			runOnlyForDeploymentPostprocessing = 0;
		};
/* End PBXResourcesBuildPhase section */

/* Begin PBXShellScriptBuildPhase section */
		55C9F294AE4591E9C8280D20 /* [CP] Check Pods Manifest.lock */ = {
			isa = PBXShellScriptBuildPhase;
			buildActionMask = 2147483647;
			files = (
			);
			inputFileListPaths = (
			);
			inputPaths = (
				"${PODS_PODFILE_DIR_PATH}/Podfile.lock",
				"${PODS_ROOT}/Manifest.lock",
			);
			name = "[CP] Check Pods Manifest.lock";
			outputFileListPaths = (
			);
			outputPaths = (
				"$(DERIVED_FILE_DIR)/Pods-MyGamesLibrary-MyGamesLibraryUITests-checkManifestLockResult.txt",
			);
			runOnlyForDeploymentPostprocessing = 0;
			shellPath = /bin/sh;
			shellScript = "diff \"${PODS_PODFILE_DIR_PATH}/Podfile.lock\" \"${PODS_ROOT}/Manifest.lock\" > /dev/null\nif [ $? != 0 ] ; then\n    # print error to STDERR\n    echo \"error: The sandbox is not in sync with the Podfile.lock. Run 'pod install' or update your CocoaPods installation.\" >&2\n    exit 1\nfi\n# This output is used by Xcode 'outputs' to avoid re-running this script phase.\necho \"SUCCESS\" > \"${SCRIPT_OUTPUT_FILE_0}\"\n";
			showEnvVarsInLog = 0;
		};
		79A9D3A2B8FC3F9D6FE4CB92 /* [CP] Check Pods Manifest.lock */ = {
			isa = PBXShellScriptBuildPhase;
			buildActionMask = 2147483647;
			files = (
			);
			inputFileListPaths = (
			);
			inputPaths = (
				"${PODS_PODFILE_DIR_PATH}/Podfile.lock",
				"${PODS_ROOT}/Manifest.lock",
			);
			name = "[CP] Check Pods Manifest.lock";
			outputFileListPaths = (
			);
			outputPaths = (
				"$(DERIVED_FILE_DIR)/Pods-MyGamesLibraryTests-checkManifestLockResult.txt",
			);
			runOnlyForDeploymentPostprocessing = 0;
			shellPath = /bin/sh;
			shellScript = "diff \"${PODS_PODFILE_DIR_PATH}/Podfile.lock\" \"${PODS_ROOT}/Manifest.lock\" > /dev/null\nif [ $? != 0 ] ; then\n    # print error to STDERR\n    echo \"error: The sandbox is not in sync with the Podfile.lock. Run 'pod install' or update your CocoaPods installation.\" >&2\n    exit 1\nfi\n# This output is used by Xcode 'outputs' to avoid re-running this script phase.\necho \"SUCCESS\" > \"${SCRIPT_OUTPUT_FILE_0}\"\n";
			showEnvVarsInLog = 0;
		};
		8827825207752173ABAFD4DE /* [CP] Embed Pods Frameworks */ = {
			isa = PBXShellScriptBuildPhase;
			buildActionMask = 2147483647;
			files = (
			);
			inputFileListPaths = (
				"${PODS_ROOT}/Target Support Files/Pods-MyGamesLibrary-MyGamesLibraryUITests/Pods-MyGamesLibrary-MyGamesLibraryUITests-frameworks-${CONFIGURATION}-input-files.xcfilelist",
			);
			name = "[CP] Embed Pods Frameworks";
			outputFileListPaths = (
				"${PODS_ROOT}/Target Support Files/Pods-MyGamesLibrary-MyGamesLibraryUITests/Pods-MyGamesLibrary-MyGamesLibraryUITests-frameworks-${CONFIGURATION}-output-files.xcfilelist",
			);
			runOnlyForDeploymentPostprocessing = 0;
			shellPath = /bin/sh;
			shellScript = "\"${PODS_ROOT}/Target Support Files/Pods-MyGamesLibrary-MyGamesLibraryUITests/Pods-MyGamesLibrary-MyGamesLibraryUITests-frameworks.sh\"\n";
			showEnvVarsInLog = 0;
		};
		C971E50A55A5E0B81B897182 /* [CP] Check Pods Manifest.lock */ = {
			isa = PBXShellScriptBuildPhase;
			buildActionMask = 2147483647;
			files = (
			);
			inputFileListPaths = (
			);
			inputPaths = (
				"${PODS_PODFILE_DIR_PATH}/Podfile.lock",
				"${PODS_ROOT}/Manifest.lock",
			);
			name = "[CP] Check Pods Manifest.lock";
			outputFileListPaths = (
			);
			outputPaths = (
				"$(DERIVED_FILE_DIR)/Pods-MyGamesLibrary-checkManifestLockResult.txt",
			);
			runOnlyForDeploymentPostprocessing = 0;
			shellPath = /bin/sh;
			shellScript = "diff \"${PODS_PODFILE_DIR_PATH}/Podfile.lock\" \"${PODS_ROOT}/Manifest.lock\" > /dev/null\nif [ $? != 0 ] ; then\n    # print error to STDERR\n    echo \"error: The sandbox is not in sync with the Podfile.lock. Run 'pod install' or update your CocoaPods installation.\" >&2\n    exit 1\nfi\n# This output is used by Xcode 'outputs' to avoid re-running this script phase.\necho \"SUCCESS\" > \"${SCRIPT_OUTPUT_FILE_0}\"\n";
			showEnvVarsInLog = 0;
		};
		D51EEDAF88BE168D879DEB6A /* [CP] Embed Pods Frameworks */ = {
			isa = PBXShellScriptBuildPhase;
			buildActionMask = 2147483647;
			files = (
			);
			inputFileListPaths = (
				"${PODS_ROOT}/Target Support Files/Pods-MyGamesLibrary/Pods-MyGamesLibrary-frameworks-${CONFIGURATION}-input-files.xcfilelist",
			);
			name = "[CP] Embed Pods Frameworks";
			outputFileListPaths = (
				"${PODS_ROOT}/Target Support Files/Pods-MyGamesLibrary/Pods-MyGamesLibrary-frameworks-${CONFIGURATION}-output-files.xcfilelist",
			);
			runOnlyForDeploymentPostprocessing = 0;
			shellPath = /bin/sh;
			shellScript = "\"${PODS_ROOT}/Target Support Files/Pods-MyGamesLibrary/Pods-MyGamesLibrary-frameworks.sh\"\n";
			showEnvVarsInLog = 0;
		};
/* End PBXShellScriptBuildPhase section */

/* Begin PBXSourcesBuildPhase section */
		B967461427B420A60037F729 /* Sources */ = {
			isa = PBXSourcesBuildPhase;
			buildActionMask = 2147483647;
			files = (
				B94E180A27DE4DAD00814CC1 /* SuggestedViewCell.swift in Sources */,
				B9846C3027CE350100AA5057 /* CoreDataStack.swift in Sources */,
				B94E180C27DE5D5C00814CC1 /* SuggestedImagesViewController.swift in Sources */,
				B9BA032C27B437E500D32908 /* XboxOneViewController.swift in Sources */,
				B9BA032727B4368D00D32908 /* UILabel+Extension.swift in Sources */,
				B9846C3427CE574B00AA5057 /* MyGame.swift in Sources */,
				B9C5C4FF27B6BCF000A01409 /* NintendoViewController.swift in Sources */,
				B966F60127BEDC100022D9CD /* GameCardViewController.swift in Sources */,
				B9846C3227CE36BE00AA5057 /* CoreDataManager.swift in Sources */,
				B970370E27CF677700FB144A /* NSManagedObject+Extension.swift in Sources */,
				B921F10E27E5D4780039D1BA /* PlatformsViewController.swift in Sources */,
				B9593AA727B8428E00A9A91F /* Tool.swift in Sources */,
				B93AF74827BA9112001D42AD /* GamePlatform.swift in Sources */,
				B967462027B420A60037F729 /* LaunchViewController.swift in Sources */,
				B93AF74627BA90F3001D42AD /* Game.swift in Sources */,
				B967461C27B420A60037F729 /* AppDelegate.swift in Sources */,
				B93DC3AF27BD405D005E0F7F /* UITextField+Extension.swift in Sources */,
				B9BA031627B42FB700D32908 /* LogoAnimationView.swift in Sources */,
				B93AF74F27BAB33C001D42AD /* UIImageView+Extension.swift in Sources */,
				B93AF74D27BAA52B001D42AD /* GameService.swift in Sources */,
				B969756627DA586A00801094 /* MyLibraryElements.swift in Sources */,
				B9BA032127B433DD00D32908 /* ApiErrorManager.swift in Sources */,
				B97A8EC727DA94E3004294AA /* WebViewController.swift in Sources */,
				B98D725C27C8ECFF002C593D /* FormViewController.swift in Sources */,
				B9C5C50427B6C9FD00A01409 /* GameTableViewCell.swift in Sources */,
				B9C5C4F227B6876600A01409 /* MyLibraryViewController.swift in Sources */,
				B9BA032A27B437D700D32908 /* PS4ViewController.swift in Sources */,
				B93AF74B27BAA29E001D42AD /* SecretApiKey.swift in Sources */,
				B9A01B2D27C800C60057B6F3 /* ScreenshotsViewCell.swift in Sources */,
				B99CAAA727C259F200358ADD /* UIViewController+Extension.swift in Sources */,
				B967461E27B420A60037F729 /* SceneDelegate.swift in Sources */,
				B9BA031427B42FAA00D32908 /* UIView+Extension.swift in Sources */,
				B99CAAA527C2561000358ADD /* Items.swift in Sources */,
				B9DFF4FF27CCC72A004E498E /* GamesFavoriteViewController.swift in Sources */,
				B967462627B420A60037F729 /* MyGamesLibrary.xcdatamodeld in Sources */,
				B95CC85727B7C44700FC4FDD /* TabBarViewController.swift in Sources */,
				B94C115827BFAA54006BCB12 /* MyScanViewController.swift in Sources */,
				B9C5C4F027B6875500A01409 /* SearchViewController.swift in Sources */,
				B97AFF2927E0EC0B00BE6517 /* MyGameViewController.swift in Sources */,
				B96B34CB27B95E0F00565053 /* AuthHelper.swift in Sources */,
			);
			runOnlyForDeploymentPostprocessing = 0;
		};
		B967462D27B420A70037F729 /* Sources */ = {
			isa = PBXSourcesBuildPhase;
			buildActionMask = 2147483647;
			files = (
				B967463627B420A70037F729 /* MyGamesLibraryTests.swift in Sources */,
				B960F48327E3966F00D9CD9E /* TestCoreDataStack.swift in Sources */,
				B960F48127E3963800D9CD9E /* URLTestProtocol.swift in Sources */,
				B960F47D27E395D400D9CD9E /* MockGameService.swift in Sources */,
				B960F47F27E3961600D9CD9E /* FakeResponseData.swift in Sources */,
				B960F48727E3969D00D9CD9E /* MockMyGames.swift in Sources */,
				B960F48527E3968300D9CD9E /* MyGamesService.swift in Sources */,
			);
			runOnlyForDeploymentPostprocessing = 0;
		};
		B967463727B420A70037F729 /* Sources */ = {
			isa = PBXSourcesBuildPhase;
			buildActionMask = 2147483647;
			files = (
				B967464227B420A70037F729 /* MyGamesLibraryUITestsLaunchTests.swift in Sources */,
				B967464027B420A70037F729 /* MyGamesLibraryUITests.swift in Sources */,
			);
			runOnlyForDeploymentPostprocessing = 0;
		};
/* End PBXSourcesBuildPhase section */

/* Begin PBXTargetDependency section */
		B967463327B420A70037F729 /* PBXTargetDependency */ = {
			isa = PBXTargetDependency;
			target = B967461727B420A60037F729 /* MyGamesLibrary */;
			targetProxy = B967463227B420A70037F729 /* PBXContainerItemProxy */;
		};
		B967463D27B420A70037F729 /* PBXTargetDependency */ = {
			isa = PBXTargetDependency;
			target = B967461727B420A60037F729 /* MyGamesLibrary */;
			targetProxy = B967463C27B420A70037F729 /* PBXContainerItemProxy */;
		};
/* End PBXTargetDependency section */

/* Begin PBXVariantGroup section */
		B967462927B420A70037F729 /* LaunchScreen.storyboard */ = {
			isa = PBXVariantGroup;
			children = (
				B967462A27B420A70037F729 /* Base */,
			);
			name = LaunchScreen.storyboard;
			sourceTree = "<group>";
		};
/* End PBXVariantGroup section */

/* Begin XCBuildConfiguration section */
		B967464327B420A70037F729 /* Debug */ = {
			isa = XCBuildConfiguration;
			buildSettings = {
				ALWAYS_SEARCH_USER_PATHS = NO;
				CLANG_ANALYZER_NONNULL = YES;
				CLANG_ANALYZER_NUMBER_OBJECT_CONVERSION = YES_AGGRESSIVE;
				CLANG_CXX_LANGUAGE_STANDARD = "gnu++17";
				CLANG_CXX_LIBRARY = "libc++";
				CLANG_ENABLE_MODULES = YES;
				CLANG_ENABLE_OBJC_ARC = YES;
				CLANG_ENABLE_OBJC_WEAK = YES;
				CLANG_WARN_BLOCK_CAPTURE_AUTORELEASING = YES;
				CLANG_WARN_BOOL_CONVERSION = YES;
				CLANG_WARN_COMMA = YES;
				CLANG_WARN_CONSTANT_CONVERSION = YES;
				CLANG_WARN_DEPRECATED_OBJC_IMPLEMENTATIONS = YES;
				CLANG_WARN_DIRECT_OBJC_ISA_USAGE = YES_ERROR;
				CLANG_WARN_DOCUMENTATION_COMMENTS = YES;
				CLANG_WARN_EMPTY_BODY = YES;
				CLANG_WARN_ENUM_CONVERSION = YES;
				CLANG_WARN_INFINITE_RECURSION = YES;
				CLANG_WARN_INT_CONVERSION = YES;
				CLANG_WARN_NON_LITERAL_NULL_CONVERSION = YES;
				CLANG_WARN_OBJC_IMPLICIT_RETAIN_SELF = YES;
				CLANG_WARN_OBJC_LITERAL_CONVERSION = YES;
				CLANG_WARN_OBJC_ROOT_CLASS = YES_ERROR;
				CLANG_WARN_QUOTED_INCLUDE_IN_FRAMEWORK_HEADER = YES;
				CLANG_WARN_RANGE_LOOP_ANALYSIS = YES;
				CLANG_WARN_STRICT_PROTOTYPES = YES;
				CLANG_WARN_SUSPICIOUS_MOVE = YES;
				CLANG_WARN_UNGUARDED_AVAILABILITY = YES_AGGRESSIVE;
				CLANG_WARN_UNREACHABLE_CODE = YES;
				CLANG_WARN__DUPLICATE_METHOD_MATCH = YES;
				COPY_PHASE_STRIP = NO;
				DEBUG_INFORMATION_FORMAT = dwarf;
				ENABLE_STRICT_OBJC_MSGSEND = YES;
				ENABLE_TESTABILITY = YES;
				GCC_C_LANGUAGE_STANDARD = gnu11;
				GCC_DYNAMIC_NO_PIC = NO;
				GCC_NO_COMMON_BLOCKS = YES;
				GCC_OPTIMIZATION_LEVEL = 0;
				GCC_PREPROCESSOR_DEFINITIONS = (
					"DEBUG=1",
					"$(inherited)",
				);
				GCC_WARN_64_TO_32_BIT_CONVERSION = YES;
				GCC_WARN_ABOUT_RETURN_TYPE = YES_ERROR;
				GCC_WARN_UNDECLARED_SELECTOR = YES;
				GCC_WARN_UNINITIALIZED_AUTOS = YES_AGGRESSIVE;
				GCC_WARN_UNUSED_FUNCTION = YES;
				GCC_WARN_UNUSED_VARIABLE = YES;
				IPHONEOS_DEPLOYMENT_TARGET = 15.2;
				MTL_ENABLE_DEBUG_INFO = INCLUDE_SOURCE;
				MTL_FAST_MATH = YES;
				ONLY_ACTIVE_ARCH = YES;
				SDKROOT = iphoneos;
				SWIFT_ACTIVE_COMPILATION_CONDITIONS = DEBUG;
				SWIFT_OPTIMIZATION_LEVEL = "-Onone";
			};
			name = Debug;
		};
		B967464427B420A70037F729 /* Release */ = {
			isa = XCBuildConfiguration;
			buildSettings = {
				ALWAYS_SEARCH_USER_PATHS = NO;
				CLANG_ANALYZER_NONNULL = YES;
				CLANG_ANALYZER_NUMBER_OBJECT_CONVERSION = YES_AGGRESSIVE;
				CLANG_CXX_LANGUAGE_STANDARD = "gnu++17";
				CLANG_CXX_LIBRARY = "libc++";
				CLANG_ENABLE_MODULES = YES;
				CLANG_ENABLE_OBJC_ARC = YES;
				CLANG_ENABLE_OBJC_WEAK = YES;
				CLANG_WARN_BLOCK_CAPTURE_AUTORELEASING = YES;
				CLANG_WARN_BOOL_CONVERSION = YES;
				CLANG_WARN_COMMA = YES;
				CLANG_WARN_CONSTANT_CONVERSION = YES;
				CLANG_WARN_DEPRECATED_OBJC_IMPLEMENTATIONS = YES;
				CLANG_WARN_DIRECT_OBJC_ISA_USAGE = YES_ERROR;
				CLANG_WARN_DOCUMENTATION_COMMENTS = YES;
				CLANG_WARN_EMPTY_BODY = YES;
				CLANG_WARN_ENUM_CONVERSION = YES;
				CLANG_WARN_INFINITE_RECURSION = YES;
				CLANG_WARN_INT_CONVERSION = YES;
				CLANG_WARN_NON_LITERAL_NULL_CONVERSION = YES;
				CLANG_WARN_OBJC_IMPLICIT_RETAIN_SELF = YES;
				CLANG_WARN_OBJC_LITERAL_CONVERSION = YES;
				CLANG_WARN_OBJC_ROOT_CLASS = YES_ERROR;
				CLANG_WARN_QUOTED_INCLUDE_IN_FRAMEWORK_HEADER = YES;
				CLANG_WARN_RANGE_LOOP_ANALYSIS = YES;
				CLANG_WARN_STRICT_PROTOTYPES = YES;
				CLANG_WARN_SUSPICIOUS_MOVE = YES;
				CLANG_WARN_UNGUARDED_AVAILABILITY = YES_AGGRESSIVE;
				CLANG_WARN_UNREACHABLE_CODE = YES;
				CLANG_WARN__DUPLICATE_METHOD_MATCH = YES;
				COPY_PHASE_STRIP = NO;
				DEBUG_INFORMATION_FORMAT = "dwarf-with-dsym";
				ENABLE_NS_ASSERTIONS = NO;
				ENABLE_STRICT_OBJC_MSGSEND = YES;
				GCC_C_LANGUAGE_STANDARD = gnu11;
				GCC_NO_COMMON_BLOCKS = YES;
				GCC_WARN_64_TO_32_BIT_CONVERSION = YES;
				GCC_WARN_ABOUT_RETURN_TYPE = YES_ERROR;
				GCC_WARN_UNDECLARED_SELECTOR = YES;
				GCC_WARN_UNINITIALIZED_AUTOS = YES_AGGRESSIVE;
				GCC_WARN_UNUSED_FUNCTION = YES;
				GCC_WARN_UNUSED_VARIABLE = YES;
				IPHONEOS_DEPLOYMENT_TARGET = 15.2;
				MTL_ENABLE_DEBUG_INFO = NO;
				MTL_FAST_MATH = YES;
				SDKROOT = iphoneos;
				SWIFT_COMPILATION_MODE = wholemodule;
				SWIFT_OPTIMIZATION_LEVEL = "-O";
				VALIDATE_PRODUCT = YES;
			};
			name = Release;
		};
		B967464627B420A70037F729 /* Debug */ = {
			isa = XCBuildConfiguration;
			baseConfigurationReference = F216A4696F451C7195E091EE /* Pods-MyGamesLibrary.debug.xcconfig */;
			buildSettings = {
				ASSETCATALOG_COMPILER_APPICON_NAME = AppIcon;
				ASSETCATALOG_COMPILER_GLOBAL_ACCENT_COLOR_NAME = AccentColor;
				CODE_SIGN_STYLE = Automatic;
				CURRENT_PROJECT_VERSION = 1;
				DEVELOPMENT_TEAM = BP4DYC4UP8;
				GENERATE_INFOPLIST_FILE = YES;
				INFOPLIST_FILE = MyGamesLibrary/Info.plist;
				INFOPLIST_KEY_NSAppleMusicUsageDescription = "take picture in albums";
				INFOPLIST_KEY_NSCameraUsageDescription = "take a picture of the video game";
				INFOPLIST_KEY_NSFaceIDUsageDescription = "User's Identification ";
				INFOPLIST_KEY_UIApplicationSupportsIndirectInputEvents = YES;
				INFOPLIST_KEY_UILaunchStoryboardName = LaunchScreen;
				INFOPLIST_KEY_UIMainStoryboardFile = Main;
				INFOPLIST_KEY_UIRequiresFullScreen = NO;
				INFOPLIST_KEY_UISupportedInterfaceOrientations = UIInterfaceOrientationPortrait;
				INFOPLIST_KEY_UISupportedInterfaceOrientations_iPad = "UIInterfaceOrientationPortrait UIInterfaceOrientationPortraitUpsideDown UIInterfaceOrientationLandscapeLeft UIInterfaceOrientationLandscapeRight";
				INFOPLIST_KEY_UISupportedInterfaceOrientations_iPhone = UIInterfaceOrientationPortrait;
				LD_RUNPATH_SEARCH_PATHS = (
					"$(inherited)",
					"@executable_path/Frameworks",
				);
				MARKETING_VERSION = 1.0;
				PRODUCT_BUNDLE_IDENTIFIER = com.keltoumBelkadi.MyGamesLibrary;
				PRODUCT_NAME = "$(TARGET_NAME)";
				SWIFT_EMIT_LOC_STRINGS = YES;
				SWIFT_VERSION = 5.0;
				TARGETED_DEVICE_FAMILY = 1;
			};
			name = Debug;
		};
		B967464727B420A70037F729 /* Release */ = {
			isa = XCBuildConfiguration;
			baseConfigurationReference = A6CFBF2049517F51B2C87CE2 /* Pods-MyGamesLibrary.release.xcconfig */;
			buildSettings = {
				ASSETCATALOG_COMPILER_APPICON_NAME = AppIcon;
				ASSETCATALOG_COMPILER_GLOBAL_ACCENT_COLOR_NAME = AccentColor;
				CODE_SIGN_STYLE = Automatic;
				CURRENT_PROJECT_VERSION = 1;
				DEVELOPMENT_TEAM = BP4DYC4UP8;
				GENERATE_INFOPLIST_FILE = YES;
				INFOPLIST_FILE = MyGamesLibrary/Info.plist;
				INFOPLIST_KEY_NSAppleMusicUsageDescription = "take picture in albums";
				INFOPLIST_KEY_NSCameraUsageDescription = "take a picture of the video game";
				INFOPLIST_KEY_NSFaceIDUsageDescription = "User's Identification ";
				INFOPLIST_KEY_UIApplicationSupportsIndirectInputEvents = YES;
				INFOPLIST_KEY_UILaunchStoryboardName = LaunchScreen;
				INFOPLIST_KEY_UIMainStoryboardFile = Main;
				INFOPLIST_KEY_UIRequiresFullScreen = NO;
				INFOPLIST_KEY_UISupportedInterfaceOrientations = UIInterfaceOrientationPortrait;
				INFOPLIST_KEY_UISupportedInterfaceOrientations_iPad = "UIInterfaceOrientationPortrait UIInterfaceOrientationPortraitUpsideDown UIInterfaceOrientationLandscapeLeft UIInterfaceOrientationLandscapeRight";
				INFOPLIST_KEY_UISupportedInterfaceOrientations_iPhone = UIInterfaceOrientationPortrait;
				LD_RUNPATH_SEARCH_PATHS = (
					"$(inherited)",
					"@executable_path/Frameworks",
				);
				MARKETING_VERSION = 1.0;
				PRODUCT_BUNDLE_IDENTIFIER = com.keltoumBelkadi.MyGamesLibrary;
				PRODUCT_NAME = "$(TARGET_NAME)";
				SWIFT_EMIT_LOC_STRINGS = YES;
				SWIFT_VERSION = 5.0;
				TARGETED_DEVICE_FAMILY = 1;
			};
			name = Release;
		};
		B967464927B420A70037F729 /* Debug */ = {
			isa = XCBuildConfiguration;
			baseConfigurationReference = 592F9C32AD30CD63158C762E /* Pods-MyGamesLibraryTests.debug.xcconfig */;
			buildSettings = {
				ALWAYS_EMBED_SWIFT_STANDARD_LIBRARIES = YES;
				BUNDLE_LOADER = "$(TEST_HOST)";
				CODE_SIGN_STYLE = Automatic;
				CURRENT_PROJECT_VERSION = 1;
				DEVELOPMENT_TEAM = BP4DYC4UP8;
				GENERATE_INFOPLIST_FILE = YES;
				IPHONEOS_DEPLOYMENT_TARGET = 15.2;
				MARKETING_VERSION = 1.0;
				PRODUCT_BUNDLE_IDENTIFIER = com.keltoumBelkadi.MyGamesLibraryTests;
				PRODUCT_NAME = "$(TARGET_NAME)";
				SWIFT_EMIT_LOC_STRINGS = NO;
				SWIFT_VERSION = 5.0;
				TARGETED_DEVICE_FAMILY = "1,2";
				TEST_HOST = "$(BUILT_PRODUCTS_DIR)/MyGamesLibrary.app/MyGamesLibrary";
			};
			name = Debug;
		};
		B967464A27B420A70037F729 /* Release */ = {
			isa = XCBuildConfiguration;
			baseConfigurationReference = AC550B3501A63704601D1E8B /* Pods-MyGamesLibraryTests.release.xcconfig */;
			buildSettings = {
				ALWAYS_EMBED_SWIFT_STANDARD_LIBRARIES = YES;
				BUNDLE_LOADER = "$(TEST_HOST)";
				CODE_SIGN_STYLE = Automatic;
				CURRENT_PROJECT_VERSION = 1;
				DEVELOPMENT_TEAM = BP4DYC4UP8;
				GENERATE_INFOPLIST_FILE = YES;
				IPHONEOS_DEPLOYMENT_TARGET = 15.2;
				MARKETING_VERSION = 1.0;
				PRODUCT_BUNDLE_IDENTIFIER = com.keltoumBelkadi.MyGamesLibraryTests;
				PRODUCT_NAME = "$(TARGET_NAME)";
				SWIFT_EMIT_LOC_STRINGS = NO;
				SWIFT_VERSION = 5.0;
				TARGETED_DEVICE_FAMILY = "1,2";
				TEST_HOST = "$(BUILT_PRODUCTS_DIR)/MyGamesLibrary.app/MyGamesLibrary";
			};
			name = Release;
		};
		B967464C27B420A70037F729 /* Debug */ = {
			isa = XCBuildConfiguration;
			baseConfigurationReference = 5F79FB6395E3C2FFCCC25275 /* Pods-MyGamesLibrary-MyGamesLibraryUITests.debug.xcconfig */;
			buildSettings = {
				ALWAYS_EMBED_SWIFT_STANDARD_LIBRARIES = YES;
				CODE_SIGN_STYLE = Automatic;
				CURRENT_PROJECT_VERSION = 1;
				DEVELOPMENT_TEAM = BP4DYC4UP8;
				GENERATE_INFOPLIST_FILE = YES;
				MARKETING_VERSION = 1.0;
				PRODUCT_BUNDLE_IDENTIFIER = com.keltoumBelkadi.MyGamesLibraryUITests;
				PRODUCT_NAME = "$(TARGET_NAME)";
				SWIFT_EMIT_LOC_STRINGS = NO;
				SWIFT_VERSION = 5.0;
				TARGETED_DEVICE_FAMILY = "1,2";
				TEST_TARGET_NAME = MyGamesLibrary;
			};
			name = Debug;
		};
		B967464D27B420A70037F729 /* Release */ = {
			isa = XCBuildConfiguration;
			baseConfigurationReference = 8E0ACB9E53C0604393CB16B1 /* Pods-MyGamesLibrary-MyGamesLibraryUITests.release.xcconfig */;
			buildSettings = {
				ALWAYS_EMBED_SWIFT_STANDARD_LIBRARIES = YES;
				CODE_SIGN_STYLE = Automatic;
				CURRENT_PROJECT_VERSION = 1;
				DEVELOPMENT_TEAM = BP4DYC4UP8;
				GENERATE_INFOPLIST_FILE = YES;
				MARKETING_VERSION = 1.0;
				PRODUCT_BUNDLE_IDENTIFIER = com.keltoumBelkadi.MyGamesLibraryUITests;
				PRODUCT_NAME = "$(TARGET_NAME)";
				SWIFT_EMIT_LOC_STRINGS = NO;
				SWIFT_VERSION = 5.0;
				TARGETED_DEVICE_FAMILY = "1,2";
				TEST_TARGET_NAME = MyGamesLibrary;
			};
			name = Release;
		};
/* End XCBuildConfiguration section */

/* Begin XCConfigurationList section */
		B967461327B420A60037F729 /* Build configuration list for PBXProject "MyGamesLibrary" */ = {
			isa = XCConfigurationList;
			buildConfigurations = (
				B967464327B420A70037F729 /* Debug */,
				B967464427B420A70037F729 /* Release */,
			);
			defaultConfigurationIsVisible = 0;
			defaultConfigurationName = Release;
		};
		B967464527B420A70037F729 /* Build configuration list for PBXNativeTarget "MyGamesLibrary" */ = {
			isa = XCConfigurationList;
			buildConfigurations = (
				B967464627B420A70037F729 /* Debug */,
				B967464727B420A70037F729 /* Release */,
			);
			defaultConfigurationIsVisible = 0;
			defaultConfigurationName = Release;
		};
		B967464827B420A70037F729 /* Build configuration list for PBXNativeTarget "MyGamesLibraryTests" */ = {
			isa = XCConfigurationList;
			buildConfigurations = (
				B967464927B420A70037F729 /* Debug */,
				B967464A27B420A70037F729 /* Release */,
			);
			defaultConfigurationIsVisible = 0;
			defaultConfigurationName = Release;
		};
		B967464B27B420A70037F729 /* Build configuration list for PBXNativeTarget "MyGamesLibraryUITests" */ = {
			isa = XCConfigurationList;
			buildConfigurations = (
				B967464C27B420A70037F729 /* Debug */,
				B967464D27B420A70037F729 /* Release */,
			);
			defaultConfigurationIsVisible = 0;
			defaultConfigurationName = Release;
		};
/* End XCConfigurationList section */

/* Begin XCVersionGroup section */
		B967462427B420A60037F729 /* MyGamesLibrary.xcdatamodeld */ = {
			isa = XCVersionGroup;
			children = (
				B967462527B420A60037F729 /* MyGamesLibrary.xcdatamodel */,
			);
			currentVersion = B967462527B420A60037F729 /* MyGamesLibrary.xcdatamodel */;
			path = MyGamesLibrary.xcdatamodeld;
			sourceTree = "<group>";
			versionGroupType = wrapper.xcdatamodel;
		};
/* End XCVersionGroup section */
	};
	rootObject = B967461027B420A60037F729 /* Project object */;
}
